
Microsoft Visual Studio Solution File, Format Version 12.00
# Visual Studio 2012
Project("{F184B08F-C81C-45F6-A57F-5ABD9991F28F}") = "QUYPAPH04807", "QUYPAPH04807\QUYPAPH04807.vbproj", "{B2B37D0E-FA4D-401E-B880-4C4ED1E480CB}"
EndProject
Global
	GlobalSection(SolutionConfigurationPlatforms) = preSolution
		Debug|Any CPU = Debug|Any CPU
		Release|Any CPU = Release|Any CPU
	EndGlobalSection
	GlobalSection(ProjectConfigurationPlatforms) = postSolution
		{B2B37D0E-FA4D-401E-B880-4C4ED1E480CB}.Debug|Any CPU.ActiveCfg = Debug|Any CPU
		{B2B37D0E-FA4D-401E-B880-4C4ED1E480CB}.Debug|Any CPU.Build.0 = Debug|Any CPU
		{B2B37D0E-FA4D-401E-B880-4C4ED1E480CB}.Release|Any CPU.ActiveCfg = Release|Any CPU
		{B2B37D0E-FA4D-401E-B880-4C4ED1E480CB}.Release|Any CPU.Build.0 = Release|Any CPU
	EndGlobalSection
	GlobalSection(SolutionProperties) = preSolution
		HideSolutionNode = FALSE
	EndGlobalSection
EndGlobal
